{
  "name": "nuke bot 4",
  "lockfileVersion": 2,
  "requires": true,
  "packages": {
    "": {
      "dependencies": {
        "discord.js": "^11.5.1",
        "nuke": "^0.7.52"
      }
    },
    "node_modules/async-limiter": {
      "version": "1.0.0",
      "resolved": "https://registry.npmjs.org/async-limiter/-/async-limiter-1.0.0.tgz",
      "integrity": "sha512-jp/uFnooOiO+L211eZOoSyzpOITMXx1rBITauYykG3BRYPu8h0UcxsPNB04RR5vo4Tyz3+ay17tR6JVf9qzYWg=="
    },
    "node_modules/discord.js": {
      "version": "11.5.1",
      "resolved": "https://registry.npmjs.org/discord.js/-/discord.js-11.5.1.tgz",
      "integrity": "sha512-tGhV5xaZXE3Z+4uXJb3hYM6gQ1NmnSxp9PClcsSAYFVRzH6AJH74040mO3afPDMWEAlj8XsoPXXTJHTxesqcGw==",
      "dependencies": {
        "long": "^4.0.0",
        "prism-media": "^0.0.3",
        "snekfetch": "^3.6.4",
        "tweetnacl": "^1.0.0",
        "ws": "^6.0.0"
      },
      "engines": {
        "node": ">=6.0.0"
      }
    },
    "node_modules/driver-browser": {
      "version": "0.4.20",
      "resolved": "https://registry.npmjs.org/driver-browser/-/driver-browser-0.4.20.tgz",
      "integrity": "sha1-QpLN2+1riiN4Kkg0duuUiO8B9Xc=",
      "peer": true,
      "dependencies": {
        "style-unit": "^0.4.20"
      }
    },
    "node_modules/driver-server": {
      "version": "0.4.20",
      "resolved": "https://registry.npmjs.org/driver-server/-/driver-server-0.4.20.tgz",
      "integrity": "sha1-R9PcJ5T25bBm0DqjFNdEEST5sOo=",
      "peer": true,
      "dependencies": {
        "style-unit": "^0.4.20"
      }
    },
    "node_modules/driver-weex": {
      "version": "0.4.20",
      "resolved": "https://registry.npmjs.org/driver-weex/-/driver-weex-0.4.20.tgz",
      "integrity": "sha1-Y/51ogWa/sXafQAfjZhroQsc2+g=",
      "peer": true,
      "dependencies": {
        "style-unit": "^0.4.20"
      }
    },
    "node_modules/long": {
      "version": "4.0.0",
      "resolved": "https://registry.npmjs.org/long/-/long-4.0.0.tgz",
      "integrity": "sha512-XsP+KhQif4bjX1kbuSiySJFNAehNxgLb6hPRGJ9QsUr8ajHkuXGdrHmFUTUUXhDwVX2R5bY4JNZEwbUiMhV+MA=="
    },
    "node_modules/nuke": {
      "version": "0.7.52",
      "resolved": "https://registry.npmjs.org/nuke/-/nuke-0.7.52.tgz",
      "integrity": "sha512-b6vfQ1K7YHlTOdITQ40Xzuf2hMumL3WXKXqkQcVojAWlPMgv5QsL6kd+w+LK7BMyltfA6DN+2+5rJsTSpkRUHA==",
      "dependencies": {
        "rax-text": "^0.4.20",
        "rax-video": "^0.4.20",
        "rax-view": "^0.4.11",
        "universal-env": "^0.4.20",
        "universal-panresponder": "^0.3.6"
      },
      "peerDependencies": {
        "rax": "^0.4.x"
      }
    },
    "node_modules/prism-media": {
      "version": "0.0.3",
      "resolved": "https://registry.npmjs.org/prism-media/-/prism-media-0.0.3.tgz",
      "integrity": "sha512-c9KkNifSMU/iXT8FFTaBwBMr+rdVcN+H/uNv1o+CuFeTThNZNTOrQ+RgXA1yL/DeLk098duAeRPP3QNPNbhxYQ=="
    },
    "node_modules/rax": {
      "version": "0.4.20",
      "resolved": "https://registry.npmjs.org/rax/-/rax-0.4.20.tgz",
      "integrity": "sha1-FbxFURtkXENsMC2VmbVtadwIMXo=",
      "peer": true,
      "dependencies": {
        "driver-browser": "^0.4.20",
        "driver-server": "^0.4.20",
        "driver-weex": "^0.4.20",
        "style-unit": "^0.4.20",
        "universal-env": "^0.4.20"
      },
      "engines": {
        "npm": ">=3.0.0"
      }
    },
    "node_modules/rax-text": {
      "version": "0.4.20",
      "resolved": "https://registry.npmjs.org/rax-text/-/rax-text-0.4.20.tgz",
      "integrity": "sha1-p+krNwC0h13y3BwC7mcSxxOysMo=",
      "dependencies": {
        "universal-env": "^0.4.20"
      },
      "engines": {
        "npm": ">=3.0.0"
      },
      "peerDependencies": {
        "rax": "0.x"
      }
    },
    "node_modules/rax-video": {
      "version": "0.4.20",
      "resolved": "https://registry.npmjs.org/rax-video/-/rax-video-0.4.20.tgz",
      "integrity": "sha1-JobbV1mzu6jlXGvaQMSC3oDxLiA=",
      "dependencies": {
        "universal-env": "^0.4.20"
      },
      "engines": {
        "npm": ">=3.0.0"
      },
      "peerDependencies": {
        "rax": "0.x"
      }
    },
    "node_modules/rax-view": {
      "version": "0.4.20",
      "resolved": "https://registry.npmjs.org/rax-view/-/rax-view-0.4.20.tgz",
      "integrity": "sha1-B56QIoMO1huHgkJviSZdRTK6mxo=",
      "dependencies": {
        "universal-env": "^0.4.20"
      },
      "engines": {
        "npm": ">=3.0.0"
      },
      "peerDependencies": {
        "rax": "0.x"
      }
    },
    "node_modules/snekfetch": {
      "version": "3.6.4",
      "resolved": "https://registry.npmjs.org/snekfetch/-/snekfetch-3.6.4.tgz",
      "integrity": "sha512-NjxjITIj04Ffqid5lqr7XdgwM7X61c/Dns073Ly170bPQHLm6jkmelye/eglS++1nfTWktpP6Y2bFXjdPlQqdw=="
    },
    "node_modules/style-unit": {
      "version": "0.4.20",
      "resolved": "https://registry.npmjs.org/style-unit/-/style-unit-0.4.20.tgz",
      "integrity": "sha1-x/Nrgz+V3y9Zj5TcLVQXwIqtD8Q=",
      "peer": true
    },
    "node_modules/tweetnacl": {
      "version": "1.0.1",
      "resolved": "https://registry.npmjs.org/tweetnacl/-/tweetnacl-1.0.1.tgz",
      "integrity": "sha512-kcoMoKTPYnoeS50tzoqjPY3Uv9axeuuFAZY9M/9zFnhoVvRfxz9K29IMPD7jGmt2c8SW7i3gT9WqDl2+nV7p4A=="
    },
    "node_modules/universal-env": {
      "version": "0.4.20",
      "resolved": "https://registry.npmjs.org/universal-env/-/universal-env-0.4.20.tgz",
      "integrity": "sha1-aVoXaccMGnFDNQllZnQYQfiQlyY="
    },
    "node_modules/universal-panresponder": {
      "version": "0.3.8",
      "resolved": "https://registry.npmjs.org/universal-panresponder/-/universal-panresponder-0.3.8.tgz",
      "integrity": "sha1-28A469d2vpiaLdGMhslc3tzqCRw=",
      "dependencies": {
        "universal-env": "^0.3.8"
      }
    },
    "node_modules/universal-panresponder/node_modules/universal-env": {
      "version": "0.3.8",
      "resolved": "https://registry.npmjs.org/universal-env/-/universal-env-0.3.8.tgz",
      "integrity": "sha1-byBv8Zg1gYkhq2cP5kxH/bgqOBw="
    },
    "node_modules/ws": {
      "version": "6.2.1",
      "resolved": "https://registry.npmjs.org/ws/-/ws-6.2.1.tgz",
      "integrity": "sha512-GIyAXC2cB7LjvpgMt9EKS2ldqr0MTrORaleiOno6TweZ6r3TKtoFQWay/2PceJ3RuBasOHzXNn5Lrw1X0bEjqA==",
      "dependencies": {
        "async-limiter": "~1.0.0"
      }
    }
  },
  "dependencies": {
    "async-limiter": {
      "version": "1.0.0",
      "resolved": "https://registry.npmjs.org/async-limiter/-/async-limiter-1.0.0.tgz",
      "integrity": "sha512-jp/uFnooOiO+L211eZOoSyzpOITMXx1rBITauYykG3BRYPu8h0UcxsPNB04RR5vo4Tyz3+ay17tR6JVf9qzYWg=="
    },
    "discord.js": {
      "version": "11.5.1",
      "resolved": "https://registry.npmjs.org/discord.js/-/discord.js-11.5.1.tgz",
      "integrity": "sha512-tGhV5xaZXE3Z+4uXJb3hYM6gQ1NmnSxp9PClcsSAYFVRzH6AJH74040mO3afPDMWEAlj8XsoPXXTJHTxesqcGw==",
      "requires": {
        "long": "^4.0.0",
        "prism-media": "^0.0.3",
        "snekfetch": "^3.6.4",
        "tweetnacl": "^1.0.0",
        "ws": "^6.0.0"
      }
    },
    "driver-browser": {
      "version": "0.4.20",
      "resolved": "https://registry.npmjs.org/driver-browser/-/driver-browser-0.4.20.tgz",
      "integrity": "sha1-QpLN2+1riiN4Kkg0duuUiO8B9Xc=",
      "peer": true,
      "requires": {
        "style-unit": "^0.4.20"
      }
    },
    "driver-server": {
      "version": "0.4.20",
      "resolved": "https://registry.npmjs.org/driver-server/-/driver-server-0.4.20.tgz",
      "integrity": "sha1-R9PcJ5T25bBm0DqjFNdEEST5sOo=",
      "peer": true,
      "requires": {
        "style-unit": "^0.4.20"
      }
    },
    "driver-weex": {
      "version": "0.4.20",
      "resolved": "https://registry.npmjs.org/driver-weex/-/driver-weex-0.4.20.tgz",
      "integrity": "sha1-Y/51ogWa/sXafQAfjZhroQsc2+g=",
      "peer": true,
      "requires": {
        "style-unit": "^0.4.20"
      }
    },
    "long": {
      "version": "4.0.0",
      "resolved": "https://registry.npmjs.org/long/-/long-4.0.0.tgz",
      "integrity": "sha512-XsP+KhQif4bjX1kbuSiySJFNAehNxgLb6hPRGJ9QsUr8ajHkuXGdrHmFUTUUXhDwVX2R5bY4JNZEwbUiMhV+MA=="
    },
    "nuke": {
      "version": "0.7.52",
      "resolved": "https://registry.npmjs.org/nuke/-/nuke-0.7.52.tgz",
      "integrity": "sha512-b6vfQ1K7YHlTOdITQ40Xzuf2hMumL3WXKXqkQcVojAWlPMgv5QsL6kd+w+LK7BMyltfA6DN+2+5rJsTSpkRUHA==",
      "requires": {
        "rax-text": "^0.4.20",
        "rax-video": "^0.4.20",
        "rax-view": "^0.4.11",
        "universal-env": "^0.4.20",
        "universal-panresponder": "^0.3.6"
      }
    },
    "prism-media": {
      "version": "0.0.3",
      "resolved": "https://registry.npmjs.org/prism-media/-/prism-media-0.0.3.tgz",
      "integrity": "sha512-c9KkNifSMU/iXT8FFTaBwBMr+rdVcN+H/uNv1o+CuFeTThNZNTOrQ+RgXA1yL/DeLk098duAeRPP3QNPNbhxYQ=="
    },
    "rax": {
      "version": "0.4.20",
      "resolved": "https://registry.npmjs.org/rax/-/rax-0.4.20.tgz",
      "integrity": "sha1-FbxFURtkXENsMC2VmbVtadwIMXo=",
      "peer": true,
      "requires": {
        "driver-browser": "^0.4.20",
        "driver-server": "^0.4.20",
        "driver-weex": "^0.4.20",
        "style-unit": "^0.4.20",
        "universal-env": "^0.4.20"
      }
    },
    "rax-text": {
      "version": "0.4.20",
      "resolved": "https://registry.npmjs.org/rax-text/-/rax-text-0.4.20.tgz",
      "integrity": "sha1-p+krNwC0h13y3BwC7mcSxxOysMo=",
      "requires": {
        "universal-env": "^0.4.20"
      }
    },
    "rax-video": {
      "version": "0.4.20",
      "resolved": "https://registry.npmjs.org/rax-video/-/rax-video-0.4.20.tgz",
      "integrity": "sha1-JobbV1mzu6jlXGvaQMSC3oDxLiA=",
      "requires": {
        "universal-env": "^0.4.20"
      }
    },
    "rax-view": {
      "version": "0.4.20",
      "resolved": "https://registry.npmjs.org/rax-view/-/rax-view-0.4.20.tgz",
      "integrity": "sha1-B56QIoMO1huHgkJviSZdRTK6mxo=",
      "requires": {
        "universal-env": "^0.4.20"
      }
    },
    "snekfetch": {
      "version": "3.6.4",
      "resolved": "https://registry.npmjs.org/snekfetch/-/snekfetch-3.6.4.tgz",
      "integrity": "sha512-NjxjITIj04Ffqid5lqr7XdgwM7X61c/Dns073Ly170bPQHLm6jkmelye/eglS++1nfTWktpP6Y2bFXjdPlQqdw=="
    },
    "style-unit": {
      "version": "0.4.20",
      "resolved": "https://registry.npmjs.org/style-unit/-/style-unit-0.4.20.tgz",
      "integrity": "sha1-x/Nrgz+V3y9Zj5TcLVQXwIqtD8Q=",
      "peer": true
    },
    "tweetnacl": {
      "version": "1.0.1",
      "resolved": "https://registry.npmjs.org/tweetnacl/-/tweetnacl-1.0.1.tgz",
      "integrity": "sha512-kcoMoKTPYnoeS50tzoqjPY3Uv9axeuuFAZY9M/9zFnhoVvRfxz9K29IMPD7jGmt2c8SW7i3gT9WqDl2+nV7p4A=="
    },
    "universal-env": {
      "version": "0.4.20",
      "resolved": "https://registry.npmjs.org/universal-env/-/universal-env-0.4.20.tgz",
      "integrity": "sha1-aVoXaccMGnFDNQllZnQYQfiQlyY="
    },
    "universal-panresponder": {
      "version": "0.3.8",
      "resolved": "https://registry.npmjs.org/universal-panresponder/-/universal-panresponder-0.3.8.tgz",
      "integrity": "sha1-28A469d2vpiaLdGMhslc3tzqCRw=",
      "requires": {
        "universal-env": "^0.3.8"
      },
      "dependencies": {
        "universal-env": {
          "version": "0.3.8",
          "resolved": "https://registry.npmjs.org/universal-env/-/universal-env-0.3.8.tgz",
          "integrity": "sha1-byBv8Zg1gYkhq2cP5kxH/bgqOBw="
        }
      }
    },
    "ws": {
      "version": "6.2.1",
      "resolved": "https://registry.npmjs.org/ws/-/ws-6.2.1.tgz",
      "integrity": "sha512-GIyAXC2cB7LjvpgMt9EKS2ldqr0MTrORaleiOno6TweZ6r3TKtoFQWay/2PceJ3RuBasOHzXNn5Lrw1X0bEjqA==",
      "requires": {
        "async-limiter": "~1.0.0"
      }
    }
  }
}
